# This file was autogenerated by uv via the following command:
#    uv pip compile requirements.txt -o requirements.lock
aiohappyeyeballs==2.6.1
    # via aiohttp
aiohttp==3.10.5
    # via -r requirements.txt
aiokafka==0.10.0
    # via -r requirements.txt
aiosignal==1.4.0
    # via aiohttp
annotated-types==0.7.0
    # via pydantic
async-timeout==5.0.1
    # via aiokafka
attrs==25.4.0
    # via aiohttp
frozenlist==1.8.0
    # via
    #   aiohttp
    #   aiosignal
idna==3.11
    # via yarl
multidict==6.7.0
    # via
    #   aiohttp
    #   yarl
packaging==25.0
    # via aiokafka
propcache==0.4.1
    # via yarl
pydantic==2.7.0
    # via -r requirements.txt
pydantic-core==2.18.1
    # via pydantic
typing-extensions==4.15.0
    # via
    #   pydantic
    #   pydantic-core
ujson==5.10.0
    # via -r requirements.txt
yarl==1.22.0
    # via aiohttp
